{
  "name": "gif-tools",
  "version": "1.0.0",
  "lockfileVersion": 3,
  "requires": true,
  "packages": {
    "": {
      "name": "gif-tools",
      "version": "1.0.0",
      "license": "ISC",
      "dependencies": {
        "gif-encoder-2": "^1.0.5",
        "pngjs": "^7.0.0"
      }
    },
    "node_modules/gif-encoder-2": {
      "version": "1.0.5",
      "resolved": "https://registry.npmmirror.com/gif-encoder-2/-/gif-encoder-2-1.0.5.tgz",
      "integrity": "sha512-fsRAKbZuUoZ7FYGjpFElmflTkKwsn/CzAmL/xDl4558aTAgysIDCUF6AXWO8dmai/ApfZACbPVAM+vPezJXlFg==",
      "license": "UNLICENSE"
    },
    "node_modules/pngjs": {
      "version": "7.0.0",
      "resolved": "https://registry.npmmirror.com/pngjs/-/pngjs-7.0.0.tgz",
      "integrity": "sha512-LKWqWJRhstyYo9pGvgor/ivk2w94eSjE3RGVuzLGlr3NmD8bf7RcYGze1mNdEHRP6TRP6rMuDHk5t44hnTRyow==",
      "license": "MIT",
      "engines": {
        "node": ">=14.19.0"
      }
    }
  }
}
